
Microsoft Visual Studio Solution File, Format Version 12.00
# Visual Studio Version 16
VisualStudioVersion = 16.0.30022.13
MinimumVisualStudioVersion = 10.0.40219.1
Project("{2150E333-8FDC-42A3-9474-1A3956D46DE8}") = ".build", ".build", "{A1B3C179-EFB2-437F-A9FF-16BD29DE2292}"
	ProjectSection(SolutionItems) = preProject
		..\build.bat = ..\build.bat
		..\build.fsx = ..\build.fsx
	EndProjectSection
EndProject
Project("{9A19103F-16F7-4668-BE54-9A1E7A4F7556}") = "PCLMock.CodeGeneration", "PCLMock.CodeGeneration\PCLMock.CodeGeneration.csproj", "{49C812A9-5C76-4567-947F-B21A38FE4EC1}"
EndProject
Project("{9A19103F-16F7-4668-BE54-9A1E7A4F7556}") = "PCLMock", "PCLMock\PCLMock.csproj", "{2F34337F-05B9-4B38-A072-46409A3B2ACE}"
EndProject
Project("{2150E333-8FDC-42A3-9474-1A3956D46DE8}") = "Solution Items", "Solution Items", "{CB18F837-B055-41A5-A411-0D02C18702D8}"
	ProjectSection(SolutionItems) = preProject
		Directory.Build.targets = Directory.Build.targets
	EndProjectSection
EndProject
Project("{9A19103F-16F7-4668-BE54-9A1E7A4F7556}") = "PCLMock.CodeGeneration.SourceGenerator", "PCLMock.CodeGeneration.SourceGenerator\PCLMock.CodeGeneration.SourceGenerator.csproj", "{725972E8-9AD8-48FA-B13C-EF2B79ADD745}"
EndProject
Project("{9A19103F-16F7-4668-BE54-9A1E7A4F7556}") = "PCLMock.UnitTests", "PCLMock.UnitTests\PCLMock.UnitTests.csproj", "{EB3BE1E1-59C2-4321-A4BC-B01D76B848AF}"
EndProject
Project("{9A19103F-16F7-4668-BE54-9A1E7A4F7556}") = "PCLMock.CodeGeneration.Console", "PCLMock.CodeGeneration.Console\PCLMock.CodeGeneration.Console.csproj", "{1DA2035B-C9EF-4256-8D00-781173C1B4A5}"
EndProject
Global
	GlobalSection(SolutionConfigurationPlatforms) = preSolution
		Debug|Any CPU = Debug|Any CPU
		Release|Any CPU = Release|Any CPU
	EndGlobalSection
	GlobalSection(ProjectConfigurationPlatforms) = postSolution
		{49C812A9-5C76-4567-947F-B21A38FE4EC1}.Debug|Any CPU.ActiveCfg = Debug|Any CPU
		{49C812A9-5C76-4567-947F-B21A38FE4EC1}.Debug|Any CPU.Build.0 = Debug|Any CPU
		{49C812A9-5C76-4567-947F-B21A38FE4EC1}.Release|Any CPU.ActiveCfg = Release|Any CPU
		{49C812A9-5C76-4567-947F-B21A38FE4EC1}.Release|Any CPU.Build.0 = Release|Any CPU
		{2F34337F-05B9-4B38-A072-46409A3B2ACE}.Debug|Any CPU.ActiveCfg = Debug|Any CPU
		{2F34337F-05B9-4B38-A072-46409A3B2ACE}.Debug|Any CPU.Build.0 = Debug|Any CPU
		{2F34337F-05B9-4B38-A072-46409A3B2ACE}.Release|Any CPU.ActiveCfg = Release|Any CPU
		{2F34337F-05B9-4B38-A072-46409A3B2ACE}.Release|Any CPU.Build.0 = Release|Any CPU
		{725972E8-9AD8-48FA-B13C-EF2B79ADD745}.Debug|Any CPU.ActiveCfg = Debug|Any CPU
		{725972E8-9AD8-48FA-B13C-EF2B79ADD745}.Debug|Any CPU.Build.0 = Debug|Any CPU
		{725972E8-9AD8-48FA-B13C-EF2B79ADD745}.Release|Any CPU.ActiveCfg = Release|Any CPU
		{725972E8-9AD8-48FA-B13C-EF2B79ADD745}.Release|Any CPU.Build.0 = Release|Any CPU
		{EB3BE1E1-59C2-4321-A4BC-B01D76B848AF}.Debug|Any CPU.ActiveCfg = Debug|Any CPU
		{EB3BE1E1-59C2-4321-A4BC-B01D76B848AF}.Debug|Any CPU.Build.0 = Debug|Any CPU
		{EB3BE1E1-59C2-4321-A4BC-B01D76B848AF}.Release|Any CPU.ActiveCfg = Release|Any CPU
		{EB3BE1E1-59C2-4321-A4BC-B01D76B848AF}.Release|Any CPU.Build.0 = Release|Any CPU
		{1DA2035B-C9EF-4256-8D00-781173C1B4A5}.Debug|Any CPU.ActiveCfg = Debug|Any CPU
		{1DA2035B-C9EF-4256-8D00-781173C1B4A5}.Debug|Any CPU.Build.0 = Debug|Any CPU
		{1DA2035B-C9EF-4256-8D00-781173C1B4A5}.Release|Any CPU.ActiveCfg = Release|Any CPU
		{1DA2035B-C9EF-4256-8D00-781173C1B4A5}.Release|Any CPU.Build.0 = Release|Any CPU
	EndGlobalSection
	GlobalSection(SolutionProperties) = preSolution
		HideSolutionNode = FALSE
	EndGlobalSection
	GlobalSection(ExtensibilityGlobals) = postSolution
		SolutionGuid = {EB004448-798E-4E0A-83D2-4913F9AE04F1}
	EndGlobalSection
EndGlobal
